
Microsoft Visual Studio Solution File, Format Version 12.00
# Visual Studio Version 16
VisualStudioVersion = 16.0.31402.337
MinimumVisualStudioVersion = 10.0.40219.1
Project("{FAE04EC0-301F-11D3-BF4B-00C04F79EFBC}") = "NewWebApi", "NewWebApi.csproj", "{D2220BEE-61C3-4038-BC3B-D42088557BDD}"
EndProject
Global
	GlobalSection(SolutionConfigurationPlatforms) = preSolution
		Debug|Any CPU = Debug|Any CPU
		Release|Any CPU = Release|Any CPU
	EndGlobalSection
	GlobalSection(ProjectConfigurationPlatforms) = postSolution
		{D2220BEE-61C3-4038-BC3B-D42088557BDD}.Debug|Any CPU.ActiveCfg = Debug|Any CPU
		{D2220BEE-61C3-4038-BC3B-D42088557BDD}.Debug|Any CPU.Build.0 = Debug|Any CPU
		{D2220BEE-61C3-4038-BC3B-D42088557BDD}.Release|Any CPU.ActiveCfg = Release|Any CPU
		{D2220BEE-61C3-4038-BC3B-D42088557BDD}.Release|Any CPU.Build.0 = Release|Any CPU
	EndGlobalSection
	GlobalSection(SolutionProperties) = preSolution
		HideSolutionNode = FALSE
	EndGlobalSection
	GlobalSection(ExtensibilityGlobals) = postSolution
		SolutionGuid = {8D821CD3-2FE8-4F9E-B4F2-EAF59D4FC8F9}
	EndGlobalSection
EndGlobal
